
Microsoft Visual Studio Solution File, Format Version 12.00
# Visual Studio 15
VisualStudioVersion = 15.0.28307.1778
MinimumVisualStudioVersion = 10.0.40219.1
Project("{88A30576-7583-4F75-8136-5EFD2C14ADFF}") = "CrmPackage", "CrmPackage\CrmPackage.csproj", "{E123749C-3F4F-4442-8896-EF810063C509}"
	ProjectSection(ProjectDependencies) = postProject
		{B2DF6431-C157-425C-BF90-4108B13F9C22} = {B2DF6431-C157-425C-BF90-4108B13F9C22}
	EndProjectSection
EndProject
Project("{FAE04EC0-301F-11D3-BF4B-00C04F79EFBC}") = "StudentPlugin", "StudentPlugin\StudentPlugin.csproj", "{B2DF6431-C157-425C-BF90-4108B13F9C22}"
EndProject
Project("{2150E333-8FDC-42A3-9474-1A3956D46DE8}") = "Plugins", "Plugins", "{D378DEE2-4874-4998-9BD6-86CB4CAF6117}"
EndProject
Project("{2150E333-8FDC-42A3-9474-1A3956D46DE8}") = "Solution Items", "Solution Items", "{B24EF8D6-976D-4831-8019-CB8205BA5FE5}"
	ProjectSection(SolutionItems) = preProject
		.gitignore = .gitignore
	EndProjectSection
EndProject
Global
	GlobalSection(SolutionConfigurationPlatforms) = preSolution
		Debug|Any CPU = Debug|Any CPU
		Release|Any CPU = Release|Any CPU
	EndGlobalSection
	GlobalSection(ProjectConfigurationPlatforms) = postSolution
		{E123749C-3F4F-4442-8896-EF810063C509}.Debug|Any CPU.ActiveCfg = Debug|Any CPU
		{E123749C-3F4F-4442-8896-EF810063C509}.Debug|Any CPU.Build.0 = Debug|Any CPU
		{E123749C-3F4F-4442-8896-EF810063C509}.Debug|Any CPU.Deploy.0 = Debug|Any CPU
		{E123749C-3F4F-4442-8896-EF810063C509}.Release|Any CPU.ActiveCfg = Release|Any CPU
		{E123749C-3F4F-4442-8896-EF810063C509}.Release|Any CPU.Build.0 = Release|Any CPU
		{E123749C-3F4F-4442-8896-EF810063C509}.Release|Any CPU.Deploy.0 = Release|Any CPU
		{B2DF6431-C157-425C-BF90-4108B13F9C22}.Debug|Any CPU.ActiveCfg = Debug|Any CPU
		{B2DF6431-C157-425C-BF90-4108B13F9C22}.Debug|Any CPU.Build.0 = Debug|Any CPU
		{B2DF6431-C157-425C-BF90-4108B13F9C22}.Release|Any CPU.ActiveCfg = Release|Any CPU
		{B2DF6431-C157-425C-BF90-4108B13F9C22}.Release|Any CPU.Build.0 = Release|Any CPU
	EndGlobalSection
	GlobalSection(SolutionProperties) = preSolution
		HideSolutionNode = FALSE
	EndGlobalSection
	GlobalSection(NestedProjects) = preSolution
		{B2DF6431-C157-425C-BF90-4108B13F9C22} = {D378DEE2-4874-4998-9BD6-86CB4CAF6117}
	EndGlobalSection
	GlobalSection(ExtensibilityGlobals) = postSolution
		SolutionGuid = {9D6AAB68-4C86-4BB4-A068-C23843C6C5E1}
	EndGlobalSection
	GlobalSection(CRMSolutionProperties) = preSolution
		SolutionIsBoundToCRM = True
	EndGlobalSection
EndGlobal
